
Microsoft Visual Studio Solution File, Format Version 12.00
# Visual Studio 15
VisualStudioVersion = 15.0.27703.2026
MinimumVisualStudioVersion = 10.0.40219.1
Project("{9A19103F-16F7-4668-BE54-9A1E7A4F7556}") = "Class02Demo", "Class02Demo\Class02Demo.csproj", "{F2030326-7757-44F8-B1DE-EC6A5A5531B4}"
EndProject
Project("{FAE04EC0-301F-11D3-BF4B-00C04F79EFBC}") = "Class02Tests", "Class02Tests\Class02Tests.csproj", "{40DD15DE-F3FB-4A4C-B895-70AEB19B2C16}"
EndProject
Global
	GlobalSection(SolutionConfigurationPlatforms) = preSolution
		Debug|Any CPU = Debug|Any CPU
		Release|Any CPU = Release|Any CPU
	EndGlobalSection
	GlobalSection(ProjectConfigurationPlatforms) = postSolution
		{F2030326-7757-44F8-B1DE-EC6A5A5531B4}.Debug|Any CPU.ActiveCfg = Debug|Any CPU
		{F2030326-7757-44F8-B1DE-EC6A5A5531B4}.Debug|Any CPU.Build.0 = Debug|Any CPU
		{F2030326-7757-44F8-B1DE-EC6A5A5531B4}.Release|Any CPU.ActiveCfg = Release|Any CPU
		{F2030326-7757-44F8-B1DE-EC6A5A5531B4}.Release|Any CPU.Build.0 = Release|Any CPU
		{40DD15DE-F3FB-4A4C-B895-70AEB19B2C16}.Debug|Any CPU.ActiveCfg = Debug|Any CPU
		{40DD15DE-F3FB-4A4C-B895-70AEB19B2C16}.Debug|Any CPU.Build.0 = Debug|Any CPU
		{40DD15DE-F3FB-4A4C-B895-70AEB19B2C16}.Release|Any CPU.ActiveCfg = Release|Any CPU
		{40DD15DE-F3FB-4A4C-B895-70AEB19B2C16}.Release|Any CPU.Build.0 = Release|Any CPU
	EndGlobalSection
	GlobalSection(SolutionProperties) = preSolution
		HideSolutionNode = FALSE
	EndGlobalSection
	GlobalSection(ExtensibilityGlobals) = postSolution
		SolutionGuid = {0C1CCB29-523B-4B25-A0E9-8D978303B1FC}
	EndGlobalSection
EndGlobal
